{
  "name": "@vectorize-io/hindsight-agent-sdk",
  "version": "0.1.0",
  "lockfileVersion": 3,
  "requires": true,
  "packages": {
    "": {
      "name": "@vectorize-io/hindsight-agent-sdk",
      "version": "0.1.0",
      "dependencies": {
        "@vectorize-io/hindsight-client": "^0.5.0"
      },
      "devDependencies": {
        "typescript": "^5.4"
      }
    },
    "node_modules/@vectorize-io/hindsight-client": {
      "version": "0.5.4",
      "resolved": "https://registry.npmjs.org/@vectorize-io/hindsight-client/-/hindsight-client-0.5.4.tgz",
      "integrity": "sha512-XroGmAsIRLm754+BieorqNoX3tUoSH/Uph2nkPjpLVnrRfrmT7ew1vIPfw95ycGRRLTSpk3usD2+tw6vdchtpQ==",
      "license": "MIT"
    },
    "node_modules/typescript": {
      "version": "5.9.3",
      "resolved": "https://registry.npmjs.org/typescript/-/typescript-5.9.3.tgz",
      "integrity": "sha512-jl1vZzPDinLr9eUt3J/t7V6FgNEw9QjvBPdysz9KfQDD41fQrC2Y4vKQdiaUpFT4bXlb1RHhLpp8wtm6M5TgSw==",
      "dev": true,
      "license": "Apache-2.0",
      "bin": {
        "tsc": "bin/tsc",
        "tsserver": "bin/tsserver"
      },
      "engines": {
        "node": ">=14.17"
      }
    }
  }
}
